
Microsoft Visual Studio Solution File, Format Version 12.00
# Visual Studio Version 17
VisualStudioVersion = 17.6.33829.357
MinimumVisualStudioVersion = 10.0.40219.1
Project("{FAE04EC0-301F-11D3-BF4B-00C04F79EFBC}") = "WebApi", "WebApi\WebApi.csproj", "{75A50AC7-C0A3-44DB-A4AF-1F97FBE2F0DD}"
EndProject
Project("{FAE04EC0-301F-11D3-BF4B-00C04F79EFBC}") = "UnitTest", "UnitTest\UnitTest.csproj", "{6650046C-D598-4CAE-8861-34B28BB4DEF8}"
EndProject
Global
	GlobalSection(SolutionConfigurationPlatforms) = preSolution
		Debug|Any CPU = Debug|Any CPU
		Release|Any CPU = Release|Any CPU
	EndGlobalSection
	GlobalSection(ProjectConfigurationPlatforms) = postSolution
		{75A50AC7-C0A3-44DB-A4AF-1F97FBE2F0DD}.Debug|Any CPU.ActiveCfg = Debug|Any CPU
		{75A50AC7-C0A3-44DB-A4AF-1F97FBE2F0DD}.Debug|Any CPU.Build.0 = Debug|Any CPU
		{75A50AC7-C0A3-44DB-A4AF-1F97FBE2F0DD}.Release|Any CPU.ActiveCfg = Release|Any CPU
		{75A50AC7-C0A3-44DB-A4AF-1F97FBE2F0DD}.Release|Any CPU.Build.0 = Release|Any CPU
		{6650046C-D598-4CAE-8861-34B28BB4DEF8}.Debug|Any CPU.ActiveCfg = Debug|Any CPU
		{6650046C-D598-4CAE-8861-34B28BB4DEF8}.Debug|Any CPU.Build.0 = Debug|Any CPU
		{6650046C-D598-4CAE-8861-34B28BB4DEF8}.Release|Any CPU.ActiveCfg = Release|Any CPU
		{6650046C-D598-4CAE-8861-34B28BB4DEF8}.Release|Any CPU.Build.0 = Release|Any CPU
	EndGlobalSection
	GlobalSection(SolutionProperties) = preSolution
		HideSolutionNode = FALSE
	EndGlobalSection
	GlobalSection(ExtensibilityGlobals) = postSolution
		SolutionGuid = {08E5E571-9D4E-4556-B412-FFC68B0EBE5F}
	EndGlobalSection
EndGlobal
